
Microsoft Visual Studio Solution File, Format Version 12.00
# Visual Studio Version 17
VisualStudioVersion = 17.0.32112.339
MinimumVisualStudioVersion = 10.0.40219.1
Project("{FAE04EC0-301F-11D3-BF4B-00C04F79EFBC}") = "Funding4Dimochka", "Funding4Dimochka\Funding4Dimochka.csproj", "{DBA1D3BE-9A11-41B9-8759-A355517066F5}"
EndProject
Global
	GlobalSection(SolutionConfigurationPlatforms) = preSolution
		Debug|Any CPU = Debug|Any CPU
		Release|Any CPU = Release|Any CPU
	EndGlobalSection
	GlobalSection(ProjectConfigurationPlatforms) = postSolution
		{DBA1D3BE-9A11-41B9-8759-A355517066F5}.Debug|Any CPU.ActiveCfg = Debug|Any CPU
		{DBA1D3BE-9A11-41B9-8759-A355517066F5}.Debug|Any CPU.Build.0 = Debug|Any CPU
		{DBA1D3BE-9A11-41B9-8759-A355517066F5}.Release|Any CPU.ActiveCfg = Release|Any CPU
		{DBA1D3BE-9A11-41B9-8759-A355517066F5}.Release|Any CPU.Build.0 = Release|Any CPU
	EndGlobalSection
	GlobalSection(SolutionProperties) = preSolution
		HideSolutionNode = FALSE
	EndGlobalSection
	GlobalSection(ExtensibilityGlobals) = postSolution
		SolutionGuid = {13C11B71-BF4C-4F7C-879D-3173CBA6F782}
	EndGlobalSection
EndGlobal
